
Microsoft Visual Studio Solution File, Format Version 12.00
# Visual Studio Version 16
VisualStudioVersion = 16.0.30225.117
MinimumVisualStudioVersion = 10.0.40219.1
Project("{FAE04EC0-301F-11D3-BF4B-00C04F79EFBC}") = "WebServiceTest", "WebServiceTest\WebServiceTest.csproj", "{ECAC2B4D-4E2C-4357-BF38-D86FF79F8D23}"
EndProject
Global
	GlobalSection(SolutionConfigurationPlatforms) = preSolution
		Debug|Any CPU = Debug|Any CPU
		Release|Any CPU = Release|Any CPU
	EndGlobalSection
	GlobalSection(ProjectConfigurationPlatforms) = postSolution
		{ECAC2B4D-4E2C-4357-BF38-D86FF79F8D23}.Debug|Any CPU.ActiveCfg = Debug|Any CPU
		{ECAC2B4D-4E2C-4357-BF38-D86FF79F8D23}.Debug|Any CPU.Build.0 = Debug|Any CPU
		{ECAC2B4D-4E2C-4357-BF38-D86FF79F8D23}.Release|Any CPU.ActiveCfg = Release|Any CPU
		{ECAC2B4D-4E2C-4357-BF38-D86FF79F8D23}.Release|Any CPU.Build.0 = Release|Any CPU
	EndGlobalSection
	GlobalSection(SolutionProperties) = preSolution
		HideSolutionNode = FALSE
	EndGlobalSection
	GlobalSection(ExtensibilityGlobals) = postSolution
		SolutionGuid = {98ADD845-0EA6-4569-BA4D-F6D8D785FBBC}
	EndGlobalSection
EndGlobal
